// !$*UTF8*$!
{
	archiveVersion = 1;
	classes = {
	};
	objectVersion = 46;
	objects = {

/* Begin PBXBuildFile section */
		045366841539681E004F7CCF /* ZL_SynthImc.cpp in Sources */ = {isa = PBXBuildFile; fileRef = 045366821539681E004F7CCF /* ZL_SynthImc.cpp */; };
		0491116116512DB500A3E99E /* stb_truetype.cpp in Sources */ = {isa = PBXBuildFile; fileRef = 0491116016512DB500A3E99E /* stb_truetype.cpp */; };
		0497E281160DBBC20099A6A4 /* stb_image.cpp in Sources */ = {isa = PBXBuildFile; fileRef = 0497E27F160DBBC20099A6A4 /* stb_image.cpp */; };
		0497E282160DBBC20099A6A4 /* stb_vorbis.cpp in Sources */ = {isa = PBXBuildFile; fileRef = 0497E280160DBBC20099A6A4 /* stb_vorbis.cpp */; };
		049A5096168DDC2400CB2996 /* ZL_PlatformGLSL.cpp in Sources */ = {isa = PBXBuildFile; fileRef = 049A5095168DDC2400CB2996 /* ZL_PlatformGLSL.cpp */; };
		9455D9471D04638000B4571A /* ZL_Display3D.cpp in Sources */ = {isa = PBXBuildFile; fileRef = 9455D9461D04638000B4571A /* ZL_Display3D.cpp */; settings = {ASSET_TAGS = (); }; };
		949488E81BD8085900486A3F /* ZL_File_ZIP.cpp in Sources */ = {isa = PBXBuildFile; fileRef = 949488E71BD8085900486A3F /* ZL_File_ZIP.cpp */; settings = {ASSET_TAGS = (); }; };
		A98F8F2711C0BB350023655C /* ZL_Application.cpp in Sources */ = {isa = PBXBuildFile; fileRef = A98F8E4211C0BB350023655C /* ZL_Application.cpp */; };
		A98F8F2811C0BB350023655C /* ZL_Display.cpp in Sources */ = {isa = PBXBuildFile; fileRef = A98F8E4311C0BB350023655C /* ZL_Display.cpp */; };
		A98F8F2B11C0BB350023655C /* ZL_File.cpp in Sources */ = {isa = PBXBuildFile; fileRef = A98F8E4611C0BB350023655C /* ZL_File.cpp */; };
		A98F8F2C11C0BB350023655C /* ZL_Font.cpp in Sources */ = {isa = PBXBuildFile; fileRef = A98F8E4711C0BB350023655C /* ZL_Font.cpp */; };
		A98F8F2E11C0BB350023655C /* ZL_Math.cpp in Sources */ = {isa = PBXBuildFile; fileRef = A98F8E4911C0BB350023655C /* ZL_Math.cpp */; };
		A98F8F2F11C0BB350023655C /* ZL_Network.cpp in Sources */ = {isa = PBXBuildFile; fileRef = A98F8E4A11C0BB350023655C /* ZL_Network.cpp */; };
		A98F8F3011C0BB350023655C /* ZL_Scene.cpp in Sources */ = {isa = PBXBuildFile; fileRef = A98F8E4B11C0BB350023655C /* ZL_Scene.cpp */; };
		A98F8F3211C0BB350023655C /* ZL_Signal.cpp in Sources */ = {isa = PBXBuildFile; fileRef = A98F8E4D11C0BB350023655C /* ZL_Signal.cpp */; };
		A98F8F3311C0BB350023655C /* ZL_Audio.cpp in Sources */ = {isa = PBXBuildFile; fileRef = A98F8E4E11C0BB350023655C /* ZL_Audio.cpp */; };
		A98F8F3411C0BB350023655C /* ZL_String.cpp in Sources */ = {isa = PBXBuildFile; fileRef = A98F8E4F11C0BB350023655C /* ZL_String.cpp */; };
		A98F8F3511C0BB350023655C /* ZL_Surface.cpp in Sources */ = {isa = PBXBuildFile; fileRef = A98F8E5011C0BB350023655C /* ZL_Surface.cpp */; };
		A98F8F3611C0BB350023655C /* ZL_Texture_Impl.cpp in Sources */ = {isa = PBXBuildFile; fileRef = A98F8E5111C0BB350023655C /* ZL_Texture_Impl.cpp */; };
		A98F8F3811C0BB350023655C /* ZL_Thread.cpp in Sources */ = {isa = PBXBuildFile; fileRef = A98F8E5311C0BB350023655C /* ZL_Thread.cpp */; };
		A98F8F3911C0BB350023655C /* ZL_Timer.cpp in Sources */ = {isa = PBXBuildFile; fileRef = A98F8E5411C0BB350023655C /* ZL_Timer.cpp */; };
		A98F8F3A11C0BB350023655C /* ZL_Data.cpp in Sources */ = {isa = PBXBuildFile; fileRef = A98F8E5511C0BB350023655C /* ZL_Data.cpp */; };
		A98F92AF11C0D26A0023655C /* callbacks.c in Sources */ = {isa = PBXBuildFile; fileRef = A98F929C11C0D26A0023655C /* callbacks.c */; };
		A98F92B011C0D26A0023655C /* host.c in Sources */ = {isa = PBXBuildFile; fileRef = A98F929D11C0D26A0023655C /* host.c */; };
		A98F92BA11C0D26A0023655C /* list.c in Sources */ = {isa = PBXBuildFile; fileRef = A98F92A911C0D26A0023655C /* list.c */; };
		A98F92BB11C0D26A0023655C /* packet.c in Sources */ = {isa = PBXBuildFile; fileRef = A98F92AA11C0D26A0023655C /* packet.c */; };
		A98F92BC11C0D26A0023655C /* peer.c in Sources */ = {isa = PBXBuildFile; fileRef = A98F92AB11C0D26A0023655C /* peer.c */; };
		A98F92BD11C0D26A0023655C /* protocol.c in Sources */ = {isa = PBXBuildFile; fileRef = A98F92AC11C0D26A0023655C /* protocol.c */; };
		A98F92BE11C0D26A0023655C /* unix.c in Sources */ = {isa = PBXBuildFile; fileRef = A98F92AD11C0D26A0023655C /* unix.c */; };
		A9C3E3491290D1C400C795A1 /* ZL_Platform.h in Headers */ = {isa = PBXBuildFile; fileRef = A9C3E3431290D1C400C795A1 /* ZL_Platform.h */; };
		A9C3E34A1290D1C400C795A1 /* ZL_PlatformConfig.h in Headers */ = {isa = PBXBuildFile; fileRef = A9C3E3441290D1C400C795A1 /* ZL_PlatformConfig.h */; };
		A9C3E34B1290D1C400C795A1 /* ZL_PlatformIOS.h in Headers */ = {isa = PBXBuildFile; fileRef = A9C3E3451290D1C400C795A1 /* ZL_PlatformIOS.h */; };
		A9C3E34D1290D1C400C795A1 /* ZL_PlatformPosix.cpp in Sources */ = {isa = PBXBuildFile; fileRef = A9C3E3471290D1C400C795A1 /* ZL_PlatformPosix.cpp */; };
		A9C3E34E1290D1C400C795A1 /* ZL_PlatformPosix.h in Headers */ = {isa = PBXBuildFile; fileRef = A9C3E3481290D1C400C795A1 /* ZL_PlatformPosix.h */; };
		A9C3E36D1290DDE900C795A1 /* ZL_PlatformIOS.mm in Sources */ = {isa = PBXBuildFile; fileRef = A9C3E36C1290DDE900C795A1 /* ZL_PlatformIOS.mm */; };
		DB0C433B11E36F0A0049340A /* ZL_Input.cpp in Sources */ = {isa = PBXBuildFile; fileRef = DB0C433A11E36F0A0049340A /* ZL_Input.cpp */; };
		DB7E9E9F11D9F7080034E286 /* tesselator.c in Sources */ = {isa = PBXBuildFile; fileRef = DB7E9E8611D9F7080034E286 /* tesselator.c */; };
		DBFD08C211FA2B87000DC310 /* ZL_Particles.cpp in Sources */ = {isa = PBXBuildFile; fileRef = DBFD08C111FA2B87000DC310 /* ZL_Particles.cpp */; };
/* End PBXBuildFile section */

/* Begin PBXFileReference section */
		045366821539681E004F7CCF /* ZL_SynthImc.cpp */ = {isa = PBXFileReference; fileEncoding = 4; lastKnownFileType = sourcecode.cpp.cpp; name = ZL_SynthImc.cpp; path = Source/ZL_SynthImc.cpp; sourceTree = "<group>"; };
		0491116016512DB500A3E99E /* stb_truetype.cpp */ = {isa = PBXFileReference; fileEncoding = 4; lastKnownFileType = sourcecode.cpp.cpp; name = stb_truetype.cpp; path = Source/stb/stb_truetype.cpp; sourceTree = "<group>"; };
		0497E27F160DBBC20099A6A4 /* stb_image.cpp */ = {isa = PBXFileReference; fileEncoding = 4; lastKnownFileType = sourcecode.cpp.cpp; name = stb_image.cpp; path = Source/stb/stb_image.cpp; sourceTree = "<group>"; };
		0497E280160DBBC20099A6A4 /* stb_vorbis.cpp */ = {isa = PBXFileReference; fileEncoding = 4; lastKnownFileType = sourcecode.cpp.cpp; name = stb_vorbis.cpp; path = Source/stb/stb_vorbis.cpp; sourceTree = "<group>"; };
		049A5095168DDC2400CB2996 /* ZL_PlatformGLSL.cpp */ = {isa = PBXFileReference; fileEncoding = 4; lastKnownFileType = sourcecode.cpp.cpp; name = ZL_PlatformGLSL.cpp; path = Source/ZL_PlatformGLSL.cpp; sourceTree = "<group>"; };
		04A726A013EDB0FB0094CE15 /* libZillaLib.a */ = {isa = PBXFileReference; explicitFileType = archive.ar; includeInIndex = 0; path = libZillaLib.a; sourceTree = BUILT_PRODUCTS_DIR; };
		9455D9461D04638000B4571A /* ZL_Display3D.cpp */ = {isa = PBXFileReference; fileEncoding = 4; lastKnownFileType = sourcecode.cpp.cpp; name = ZL_Display3D.cpp; path = Source/ZL_Display3D.cpp; sourceTree = "<group>"; };
		949488E71BD8085900486A3F /* ZL_File_ZIP.cpp */ = {isa = PBXFileReference; fileEncoding = 4; lastKnownFileType = sourcecode.cpp.cpp; name = ZL_File_ZIP.cpp; path = Source/ZL_File_ZIP.cpp; sourceTree = "<group>"; };
		A98F8E4211C0BB350023655C /* ZL_Application.cpp */ = {isa = PBXFileReference; fileEncoding = 4; lastKnownFileType = sourcecode.cpp.cpp; name = ZL_Application.cpp; path = Source/ZL_Application.cpp; sourceTree = "<group>"; };
		A98F8E4311C0BB350023655C /* ZL_Display.cpp */ = {isa = PBXFileReference; fileEncoding = 4; lastKnownFileType = sourcecode.cpp.cpp; name = ZL_Display.cpp; path = Source/ZL_Display.cpp; sourceTree = "<group>"; };
		A98F8E4611C0BB350023655C /* ZL_File.cpp */ = {isa = PBXFileReference; fileEncoding = 4; lastKnownFileType = sourcecode.cpp.cpp; name = ZL_File.cpp; path = Source/ZL_File.cpp; sourceTree = "<group>"; };
		A98F8E4711C0BB350023655C /* ZL_Font.cpp */ = {isa = PBXFileReference; fileEncoding = 4; lastKnownFileType = sourcecode.cpp.cpp; name = ZL_Font.cpp; path = Source/ZL_Font.cpp; sourceTree = "<group>"; };
		A98F8E4911C0BB350023655C /* ZL_Math.cpp */ = {isa = PBXFileReference; fileEncoding = 4; lastKnownFileType = sourcecode.cpp.cpp; name = ZL_Math.cpp; path = Source/ZL_Math.cpp; sourceTree = "<group>"; };
		A98F8E4A11C0BB350023655C /* ZL_Network.cpp */ = {isa = PBXFileReference; fileEncoding = 4; lastKnownFileType = sourcecode.cpp.cpp; name = ZL_Network.cpp; path = Source/ZL_Network.cpp; sourceTree = "<group>"; };
		A98F8E4B11C0BB350023655C /* ZL_Scene.cpp */ = {isa = PBXFileReference; fileEncoding = 4; lastKnownFileType = sourcecode.cpp.cpp; name = ZL_Scene.cpp; path = Source/ZL_Scene.cpp; sourceTree = "<group>"; };
		A98F8E4D11C0BB350023655C /* ZL_Signal.cpp */ = {isa = PBXFileReference; fileEncoding = 4; lastKnownFileType = sourcecode.cpp.cpp; name = ZL_Signal.cpp; path = Source/ZL_Signal.cpp; sourceTree = "<group>"; };
		A98F8E4E11C0BB350023655C /* ZL_Audio.cpp */ = {isa = PBXFileReference; fileEncoding = 4; lastKnownFileType = sourcecode.cpp.cpp; name = ZL_Audio.cpp; path = Source/ZL_Audio.cpp; sourceTree = "<group>"; };
		A98F8E4F11C0BB350023655C /* ZL_String.cpp */ = {isa = PBXFileReference; fileEncoding = 4; lastKnownFileType = sourcecode.cpp.cpp; name = ZL_String.cpp; path = Source/ZL_String.cpp; sourceTree = "<group>"; };
		A98F8E5011C0BB350023655C /* ZL_Surface.cpp */ = {isa = PBXFileReference; fileEncoding = 4; lastKnownFileType = sourcecode.cpp.cpp; name = ZL_Surface.cpp; path = Source/ZL_Surface.cpp; sourceTree = "<group>"; };
		A98F8E5111C0BB350023655C /* ZL_Texture_Impl.cpp */ = {isa = PBXFileReference; fileEncoding = 4; lastKnownFileType = sourcecode.cpp.cpp; name = ZL_Texture_Impl.cpp; path = Source/ZL_Texture_Impl.cpp; sourceTree = "<group>"; };
		A98F8E5311C0BB350023655C /* ZL_Thread.cpp */ = {isa = PBXFileReference; fileEncoding = 4; lastKnownFileType = sourcecode.cpp.cpp; name = ZL_Thread.cpp; path = Source/ZL_Thread.cpp; sourceTree = "<group>"; };
		A98F8E5411C0BB350023655C /* ZL_Timer.cpp */ = {isa = PBXFileReference; fileEncoding = 4; lastKnownFileType = sourcecode.cpp.cpp; name = ZL_Timer.cpp; path = Source/ZL_Timer.cpp; sourceTree = "<group>"; };
		A98F8E5511C0BB350023655C /* ZL_Data.cpp */ = {isa = PBXFileReference; fileEncoding = 4; lastKnownFileType = sourcecode.cpp.cpp; name = ZL_Data.cpp; path = Source/ZL_Data.cpp; sourceTree = "<group>"; };
		A98F929C11C0D26A0023655C /* callbacks.c */ = {isa = PBXFileReference; fileEncoding = 4; lastKnownFileType = sourcecode.c.c; path = callbacks.c; sourceTree = "<group>"; };
		A98F929D11C0D26A0023655C /* host.c */ = {isa = PBXFileReference; fileEncoding = 4; lastKnownFileType = sourcecode.c.c; path = host.c; sourceTree = "<group>"; };
		A98F92A911C0D26A0023655C /* list.c */ = {isa = PBXFileReference; fileEncoding = 4; lastKnownFileType = sourcecode.c.c; path = list.c; sourceTree = "<group>"; };
		A98F92AA11C0D26A0023655C /* packet.c */ = {isa = PBXFileReference; fileEncoding = 4; lastKnownFileType = sourcecode.c.c; path = packet.c; sourceTree = "<group>"; };
		A98F92AB11C0D26A0023655C /* peer.c */ = {isa = PBXFileReference; fileEncoding = 4; lastKnownFileType = sourcecode.c.c; path = peer.c; sourceTree = "<group>"; };
		A98F92AC11C0D26A0023655C /* protocol.c */ = {isa = PBXFileReference; fileEncoding = 4; lastKnownFileType = sourcecode.c.c; path = protocol.c; sourceTree = "<group>"; };
		A98F92AD11C0D26A0023655C /* unix.c */ = {isa = PBXFileReference; fileEncoding = 4; lastKnownFileType = sourcecode.c.c; path = unix.c; sourceTree = "<group>"; };
		A9C3E3431290D1C400C795A1 /* ZL_Platform.h */ = {isa = PBXFileReference; fileEncoding = 4; lastKnownFileType = sourcecode.c.h; name = ZL_Platform.h; path = Source/ZL_Platform.h; sourceTree = "<group>"; };
		A9C3E3441290D1C400C795A1 /* ZL_PlatformConfig.h */ = {isa = PBXFileReference; fileEncoding = 4; lastKnownFileType = sourcecode.c.h; name = ZL_PlatformConfig.h; path = Source/ZL_PlatformConfig.h; sourceTree = "<group>"; };
		A9C3E3451290D1C400C795A1 /* ZL_PlatformIOS.h */ = {isa = PBXFileReference; fileEncoding = 4; lastKnownFileType = sourcecode.c.h; name = ZL_PlatformIOS.h; path = Source/ZL_PlatformIOS.h; sourceTree = "<group>"; };
		A9C3E3471290D1C400C795A1 /* ZL_PlatformPosix.cpp */ = {isa = PBXFileReference; fileEncoding = 4; lastKnownFileType = sourcecode.cpp.cpp; name = ZL_PlatformPosix.cpp; path = Source/ZL_PlatformPosix.cpp; sourceTree = "<group>"; };
		A9C3E3481290D1C400C795A1 /* ZL_PlatformPosix.h */ = {isa = PBXFileReference; fileEncoding = 4; lastKnownFileType = sourcecode.c.h; name = ZL_PlatformPosix.h; path = Source/ZL_PlatformPosix.h; sourceTree = "<group>"; };
		A9C3E36C1290DDE900C795A1 /* ZL_PlatformIOS.mm */ = {isa = PBXFileReference; fileEncoding = 4; lastKnownFileType = sourcecode.cpp.objcpp; name = ZL_PlatformIOS.mm; path = Source/ZL_PlatformIOS.mm; sourceTree = "<group>"; };
		DB0C433A11E36F0A0049340A /* ZL_Input.cpp */ = {isa = PBXFileReference; fileEncoding = 4; lastKnownFileType = sourcecode.cpp.cpp; name = ZL_Input.cpp; path = Source/ZL_Input.cpp; sourceTree = "<group>"; };
		DB7E9E8611D9F7080034E286 /* tesselator.c */ = {isa = PBXFileReference; fileEncoding = 4; lastKnownFileType = sourcecode.c.c; path = tesselator.c; sourceTree = "<group>"; };
		DBFD08C111FA2B87000DC310 /* ZL_Particles.cpp */ = {isa = PBXFileReference; fileEncoding = 4; lastKnownFileType = sourcecode.cpp.cpp; name = ZL_Particles.cpp; path = Source/ZL_Particles.cpp; sourceTree = "<group>"; };
/* End PBXFileReference section */

/* Begin PBXGroup section */
		0497E27E160DBBA90099A6A4 /* stb */ = {
			isa = PBXGroup;
			children = (
				0491116016512DB500A3E99E /* stb_truetype.cpp */,
				0497E27F160DBBC20099A6A4 /* stb_image.cpp */,
				0497E280160DBBC20099A6A4 /* stb_vorbis.cpp */,
			);
			name = stb;
			sourceTree = "<group>";
		};
		19C28FACFE9D520D11CA2CBB /* Products */ = {
			isa = PBXGroup;
			children = (
				04A726A013EDB0FB0094CE15 /* libZillaLib.a */,
			);
			name = Products;
			sourceTree = "<group>";
		};
		29B97314FDCFA39411CA2CEA /* CustomTemplate */ = {
			isa = PBXGroup;
			children = (
				A98F8D7511C0BAEF0023655C /* Source */,
				19C28FACFE9D520D11CA2CBB /* Products */,
			);
			name = CustomTemplate;
			sourceTree = "<group>";
			usesTabs = 1;
		};
		A98F8D7511C0BAEF0023655C /* Source */ = {
			isa = PBXGroup;
			children = (
				DB7E9E8411D9F7080034E286 /* libtess2 */,
				A98F929B11C0D26A0023655C /* enet */,
				0497E27E160DBBA90099A6A4 /* stb */,
				A9C3E3431290D1C400C795A1 /* ZL_Platform.h */,
				A9C3E3441290D1C400C795A1 /* ZL_PlatformConfig.h */,
				A9C3E3451290D1C400C795A1 /* ZL_PlatformIOS.h */,
				A9C3E36C1290DDE900C795A1 /* ZL_PlatformIOS.mm */,
				049A5095168DDC2400CB2996 /* ZL_PlatformGLSL.cpp */,
				A9C3E3481290D1C400C795A1 /* ZL_PlatformPosix.h */,
				A9C3E3471290D1C400C795A1 /* ZL_PlatformPosix.cpp */,
				A98F8E4211C0BB350023655C /* ZL_Application.cpp */,
				A98F8E4311C0BB350023655C /* ZL_Display.cpp */,
				9455D9461D04638000B4571A /* ZL_Display3D.cpp */,
				A98F8E4611C0BB350023655C /* ZL_File.cpp */,
				949488E71BD8085900486A3F /* ZL_File_ZIP.cpp */,
				A98F8E4711C0BB350023655C /* ZL_Font.cpp */,
				045366821539681E004F7CCF /* ZL_SynthImc.cpp */,
				A98F8E4911C0BB350023655C /* ZL_Math.cpp */,
				A98F8E4A11C0BB350023655C /* ZL_Network.cpp */,
				DB0C433A11E36F0A0049340A /* ZL_Input.cpp */,
				A98F8E4B11C0BB350023655C /* ZL_Scene.cpp */,
				A98F8E4D11C0BB350023655C /* ZL_Signal.cpp */,
				A98F8E4E11C0BB350023655C /* ZL_Audio.cpp */,
				A98F8E4F11C0BB350023655C /* ZL_String.cpp */,
				A98F8E5011C0BB350023655C /* ZL_Surface.cpp */,
				A98F8E5111C0BB350023655C /* ZL_Texture_Impl.cpp */,
				A98F8E5311C0BB350023655C /* ZL_Thread.cpp */,
				A98F8E5411C0BB350023655C /* ZL_Timer.cpp */,
				A98F8E5511C0BB350023655C /* ZL_Data.cpp */,
				DBFD08C111FA2B87000DC310 /* ZL_Particles.cpp */,
			);
			name = Source;
			sourceTree = "<group>";
		};
		A98F929B11C0D26A0023655C /* enet */ = {
			isa = PBXGroup;
			children = (
				A98F929C11C0D26A0023655C /* callbacks.c */,
				A98F929D11C0D26A0023655C /* host.c */,
				A98F92A911C0D26A0023655C /* list.c */,
				A98F92AA11C0D26A0023655C /* packet.c */,
				A98F92AB11C0D26A0023655C /* peer.c */,
				A98F92AC11C0D26A0023655C /* protocol.c */,
				A98F92AD11C0D26A0023655C /* unix.c */,
			);
			name = enet;
			path = Source/enet;
			sourceTree = SOURCE_ROOT;
		};
		DB7E9E8411D9F7080034E286 /* libtess2 */ = {
			isa = PBXGroup;
			children = (
				DB7E9E8611D9F7080034E286 /* tesselator.c */,
			);
			name = libtess2;
			path = Source/libtess2;
			sourceTree = "<group>";
		};
/* End PBXGroup section */

/* Begin PBXHeadersBuildPhase section */
		FD65265F0DE8FCCB002AD96B /* Headers */ = {
			isa = PBXHeadersBuildPhase;
			buildActionMask = 2147483647;
			files = (
				A9C3E3491290D1C400C795A1 /* ZL_Platform.h in Headers */,
				A9C3E34A1290D1C400C795A1 /* ZL_PlatformConfig.h in Headers */,
				A9C3E34B1290D1C400C795A1 /* ZL_PlatformIOS.h in Headers */,
				A9C3E34E1290D1C400C795A1 /* ZL_PlatformPosix.h in Headers */,
			);
			runOnlyForDeploymentPostprocessing = 0;
		};
/* End PBXHeadersBuildPhase section */

/* Begin PBXNativeTarget section */
		2177A2177A2177A2177A0022 /* ZillaLib */ = {
			isa = PBXNativeTarget;
			buildConfigurationList = FD6526990DE8FD14002AD96B /* Build configuration list for PBXNativeTarget "ZillaLib" */;
			buildPhases = (
				FD65265F0DE8FCCB002AD96B /* Headers */,
				FD6526600DE8FCCB002AD96B /* Sources */,
			);
			buildRules = (
			);
			dependencies = (
			);
			name = ZillaLib;
			productName = "___PROJECTNAME___";
			productReference = 04A726A013EDB0FB0094CE15 /* libZillaLib.a */;
			productType = "com.apple.product-type.library.static";
		};
/* End PBXNativeTarget section */

/* Begin PBXProject section */
		29B97313FDCFA39411CA2CEA /* Project object */ = {
			isa = PBXProject;
			attributes = {
				LastUpgradeCheck = 0700;
			};
			buildConfigurationList = C01FCF4E08A954540054247B /* Build configuration list for PBXProject "ZillaLib-iOS" */;
			compatibilityVersion = "Xcode 3.2";
			developmentRegion = English;
			hasScannedForEncodings = 1;
			knownRegions = (
				en,
			);
			mainGroup = 29B97314FDCFA39411CA2CEA /* CustomTemplate */;
			projectDirPath = "";
			projectRoot = ..;
			targets = (
				2177A2177A2177A2177A0022 /* ZillaLib */,
			);
		};
/* End PBXProject section */

/* Begin PBXSourcesBuildPhase section */
		FD6526600DE8FCCB002AD96B /* Sources */ = {
			isa = PBXSourcesBuildPhase;
			buildActionMask = 2147483647;
			files = (
				949488E81BD8085900486A3F /* ZL_File_ZIP.cpp in Sources */,
				A98F8F2711C0BB350023655C /* ZL_Application.cpp in Sources */,
				A98F8F2811C0BB350023655C /* ZL_Display.cpp in Sources */,
				9455D9471D04638000B4571A /* ZL_Display3D.cpp in Sources */,
				A98F8F2B11C0BB350023655C /* ZL_File.cpp in Sources */,
				A98F8F2C11C0BB350023655C /* ZL_Font.cpp in Sources */,
				A98F8F2E11C0BB350023655C /* ZL_Math.cpp in Sources */,
				A98F8F2F11C0BB350023655C /* ZL_Network.cpp in Sources */,
				A98F8F3011C0BB350023655C /* ZL_Scene.cpp in Sources */,
				A98F8F3211C0BB350023655C /* ZL_Signal.cpp in Sources */,
				A98F8F3311C0BB350023655C /* ZL_Audio.cpp in Sources */,
				A98F8F3411C0BB350023655C /* ZL_String.cpp in Sources */,
				A98F8F3511C0BB350023655C /* ZL_Surface.cpp in Sources */,
				A98F8F3611C0BB350023655C /* ZL_Texture_Impl.cpp in Sources */,
				A98F8F3811C0BB350023655C /* ZL_Thread.cpp in Sources */,
				A98F8F3911C0BB350023655C /* ZL_Timer.cpp in Sources */,
				A98F8F3A11C0BB350023655C /* ZL_Data.cpp in Sources */,
				A98F92AF11C0D26A0023655C /* callbacks.c in Sources */,
				A98F92B011C0D26A0023655C /* host.c in Sources */,
				A98F92BA11C0D26A0023655C /* list.c in Sources */,
				A98F92BB11C0D26A0023655C /* packet.c in Sources */,
				A98F92BC11C0D26A0023655C /* peer.c in Sources */,
				A98F92BD11C0D26A0023655C /* protocol.c in Sources */,
				A98F92BE11C0D26A0023655C /* unix.c in Sources */,
				DB7E9E9F11D9F7080034E286 /* tesselator.c in Sources */,
				DB0C433B11E36F0A0049340A /* ZL_Input.cpp in Sources */,
				DBFD08C211FA2B87000DC310 /* ZL_Particles.cpp in Sources */,
				A9C3E34D1290D1C400C795A1 /* ZL_PlatformPosix.cpp in Sources */,
				A9C3E36D1290DDE900C795A1 /* ZL_PlatformIOS.mm in Sources */,
				045366841539681E004F7CCF /* ZL_SynthImc.cpp in Sources */,
				0497E281160DBBC20099A6A4 /* stb_image.cpp in Sources */,
				0497E282160DBBC20099A6A4 /* stb_vorbis.cpp in Sources */,
				0491116116512DB500A3E99E /* stb_truetype.cpp in Sources */,
				049A5096168DDC2400CB2996 /* ZL_PlatformGLSL.cpp in Sources */,
			);
			runOnlyForDeploymentPostprocessing = 0;
		};
/* End PBXSourcesBuildPhase section */

/* Begin XCBuildConfiguration section */
		C01FCF4F08A954540054247B /* Debug */ = {
			isa = XCBuildConfiguration;
			buildSettings = {
				ARCHS = armv7;
				BUILD_DIR = "$(SRCROOT)/ZillaLib-iOS.xcodeproj/Debug";
				CLANG_CXX_LANGUAGE_STANDARD = "c++0x";
				CONFIGURATION_BUILD_DIR = "$(SRCROOT)/ZillaLib-iOS.xcodeproj/Debug";
				CONFIGURATION_TEMP_DIR = "$(SRCROOT)/ZillaLib-iOS.xcodeproj/Debug";
				COPY_PHASE_STRIP = NO;
				GCC_ENABLE_CPP_EXCEPTIONS = NO;
				GCC_ENABLE_CPP_RTTI = NO;
				GCC_OPTIMIZATION_LEVEL = 0;
				HEADER_SEARCH_PATHS = Include;
				IPHONEOS_DEPLOYMENT_TARGET = 4.3;
				OBJROOT = "$(SRCROOT)/ZillaLib-iOS.xcodeproj/Debug";
				ONLY_ACTIVE_ARCH = YES;
				OTHER_CFLAGS = (
					"-DDEBUG",
					"-D_DEBUG",
					"-DZILLALOG",
				);
				PRODUCT_NAME = ZillaLib;
				SDKROOT = iphoneos;
				SHARED_PRECOMPS_DIR = "$(SRCROOT)/ZillaLib-iOS.xcodeproj/Debug";
				SKIP_INSTALL = YES;
				SYMROOT = "$(SRCROOT)/ZillaLib-iOS.xcodeproj/Debug";
				VALID_ARCHS = "armv7 i386";
			};
			name = Debug;
		};
		C01FCF5008A954540054247B /* Release */ = {
			isa = XCBuildConfiguration;
			buildSettings = {
				ARCHS = armv7;
				BUILD_DIR = "$(SRCROOT)/ZillaLib-iOS.xcodeproj/Release";
				CLANG_CXX_LANGUAGE_STANDARD = "c++0x";
				CONFIGURATION_BUILD_DIR = "$(SRCROOT)/ZillaLib-iOS.xcodeproj/Release";
				CONFIGURATION_TEMP_DIR = "$(SRCROOT)/ZillaLib-iOS.xcodeproj/Release";
				ENABLE_BITCODE = NO;
				GCC_ENABLE_CPP_EXCEPTIONS = NO;
				GCC_ENABLE_CPP_RTTI = NO;
				HEADER_SEARCH_PATHS = Include;
				IPHONEOS_DEPLOYMENT_TARGET = 4.3;
				OBJROOT = "$(SRCROOT)/ZillaLib-iOS.xcodeproj/Release";
				OTHER_CFLAGS = (
					"-DNDEBUG",
					"-fvisibility=hidden",
					"-ffunction-sections",
					"-fdata-sections",
				);
				PRODUCT_NAME = ZillaLib;
				SDKROOT = iphoneos;
				SHARED_PRECOMPS_DIR = "$(SRCROOT)/ZillaLib-iOS.xcodeproj/Release";
				SKIP_INSTALL = YES;
				SYMROOT = "$(SRCROOT)/ZillaLib-iOS.xcodeproj/Release";
				VALID_ARCHS = "armv7 i386";
			};
			name = Release;
		};
		FD6526640DE8FCCB002AD96B /* Debug */ = {
			isa = XCBuildConfiguration;
			buildSettings = {
			};
			name = Debug;
		};
		FD6526650DE8FCCB002AD96B /* Release */ = {
			isa = XCBuildConfiguration;
			buildSettings = {
			};
			name = Release;
		};
/* End XCBuildConfiguration section */

/* Begin XCConfigurationList section */
		C01FCF4E08A954540054247B /* Build configuration list for PBXProject "ZillaLib-iOS" */ = {
			isa = XCConfigurationList;
			buildConfigurations = (
				C01FCF4F08A954540054247B /* Debug */,
				C01FCF5008A954540054247B /* Release */,
			);
			defaultConfigurationIsVisible = 0;
			defaultConfigurationName = Release;
		};
		FD6526990DE8FD14002AD96B /* Build configuration list for PBXNativeTarget "ZillaLib" */ = {
			isa = XCConfigurationList;
			buildConfigurations = (
				FD6526640DE8FCCB002AD96B /* Debug */,
				FD6526650DE8FCCB002AD96B /* Release */,
			);
			defaultConfigurationIsVisible = 0;
			defaultConfigurationName = Release;
		};
/* End XCConfigurationList section */
	};
	rootObject = 29B97313FDCFA39411CA2CEA /* Project object */;
}
